dependencies:
- name: cert-manager
  repository: https://charts.jetstack.io
  version: v1.19.3
- name: cert-manager-csi-driver
  repository: https://charts.jetstack.io
  version: v0.13.0
digest: sha256:25aad246c01741ac9be28f1f22110f07e540094dec90280bc9ccb2c5e115c79a
generated: "2026-03-16T13:17:09.058877302Z"
