dependencies:
- name: cert-manager
  repository: https://charts.jetstack.io
  version: v1.20.0
- name: cert-manager-csi-driver
  repository: https://charts.jetstack.io
  version: v0.12.1
digest: sha256:05318fc579c91ad4eafa78468f58ee127f80adb3e6c52bdb6e62d62eecdfe2d4
generated: "2026-03-16T13:17:06.933403097Z"
