dependencies:
- name: base
  repository: https://istio-release.storage.googleapis.com/charts
  version: 1.28.2
- name: istiod
  repository: https://istio-release.storage.googleapis.com/charts
  version: 1.28.2
- name: cni
  repository: https://istio-release.storage.googleapis.com/charts
  version: 1.28.2
digest: sha256:e60f75ff8984842c9694c56f59454843bde8966347c892f4358a95a2c324485c
generated: "2026-01-04T01:16:13.931927-05:00"
