dependencies:
- name: linkerd-crds
  repository: https://helm.linkerd.io/edge
  version: 2026.1.1
- name: linkerd-control-plane
  repository: https://helm.linkerd.io/edge
  version: 2025.12.3
digest: sha256:471237870d0804ac0160209e8bde07ac0c0c159f86e5835840ec560ec40e995a
generated: "2026-01-12T16:26:38.527368393Z"
